// !$*UTF8*$!
{
	archiveVersion = 1;
	classes = {
	};
	objectVersion = 46;
	objects = {

/* Begin PBXBuildFile section */
		D52C18791CA42B78004FEAB5 /* main.cpp in Sources */ = {isa = PBXBuildFile; fileRef = D52C18781CA42B78004FEAB5 /* main.cpp */; };
		D52C18851CA42B84004FEAB5 /* pugixml.cpp in Sources */ = {isa = PBXBuildFile; fileRef = D52C18821CA42B84004FEAB5 /* pugixml.cpp */; };
/* End PBXBuildFile section */

/* Begin PBXCopyFilesBuildPhase section */
		D52C18731CA42B78004FEAB5 /* CopyFiles */ = {
			isa = PBXCopyFilesBuildPhase;
			buildActionMask = 2147483647;
			dstPath = /usr/share/man/man1/;
			dstSubfolderSpec = 0;
			files = (
			);
			runOnlyForDeploymentPostprocessing = 1;
		};
/* End PBXCopyFilesBuildPhase section */

/* Begin PBXFileReference section */
		D52C18751CA42B78004FEAB5 /* XMLTesting */ = {isa = PBXFileReference; explicitFileType = "compiled.mach-o.executable"; includeInIndex = 0; path = XMLTesting; sourceTree = BUILT_PRODUCTS_DIR; };
		D52C18781CA42B78004FEAB5 /* main.cpp */ = {isa = PBXFileReference; lastKnownFileType = sourcecode.cpp.cpp; path = main.cpp; sourceTree = "<group>"; };
		D52C18811CA42B84004FEAB5 /* pugiconfig.hpp */ = {isa = PBXFileReference; fileEncoding = 4; lastKnownFileType = sourcecode.cpp.h; path = pugiconfig.hpp; sourceTree = "<group>"; };
		D52C18821CA42B84004FEAB5 /* pugixml.cpp */ = {isa = PBXFileReference; fileEncoding = 4; lastKnownFileType = sourcecode.cpp.cpp; path = pugixml.cpp; sourceTree = "<group>"; };
		D52C18831CA42B84004FEAB5 /* pugixml.hpp */ = {isa = PBXFileReference; fileEncoding = 4; lastKnownFileType = sourcecode.cpp.h; path = pugixml.hpp; sourceTree = "<group>"; };
		D5300F961CBC72A400C7B437 /* testFile.xml */ = {isa = PBXFileReference; fileEncoding = 4; lastKnownFileType = text.xml; path = testFile.xml; sourceTree = "<group>"; };
		D5D48AD21CB2BC130029D0D7 /* actorsData.xml */ = {isa = PBXFileReference; fileEncoding = 4; lastKnownFileType = text.xml; path = actorsData.xml; sourceTree = "<group>"; };
/* End PBXFileReference section */

/* Begin PBXFrameworksBuildPhase section */
		D52C18721CA42B78004FEAB5 /* Frameworks */ = {
			isa = PBXFrameworksBuildPhase;
			buildActionMask = 2147483647;
			files = (
			);
			runOnlyForDeploymentPostprocessing = 0;
		};
/* End PBXFrameworksBuildPhase section */

/* Begin PBXGroup section */
		D52C186C1CA42B78004FEAB5 = {
			isa = PBXGroup;
			children = (
				D52C18771CA42B78004FEAB5 /* XMLTesting */,
				D52C18761CA42B78004FEAB5 /* Products */,
			);
			sourceTree = "<group>";
		};
		D52C18761CA42B78004FEAB5 /* Products */ = {
			isa = PBXGroup;
			children = (
				D52C18751CA42B78004FEAB5 /* XMLTesting */,
			);
			name = Products;
			sourceTree = "<group>";
		};
		D52C18771CA42B78004FEAB5 /* XMLTesting */ = {
			isa = PBXGroup;
			children = (
				D5D48AD21CB2BC130029D0D7 /* actorsData.xml */,
				D52C18781CA42B78004FEAB5 /* main.cpp */,
				D5300F961CBC72A400C7B437 /* testFile.xml */,
				D52C18811CA42B84004FEAB5 /* pugiconfig.hpp */,
				D52C18821CA42B84004FEAB5 /* pugixml.cpp */,
				D52C18831CA42B84004FEAB5 /* pugixml.hpp */,
			);
			path = XMLTesting;
			sourceTree = "<group>";
		};
/* End PBXGroup section */

/* Begin PBXNativeTarget section */
		D52C18741CA42B78004FEAB5 /* XMLTesting */ = {
			isa = PBXNativeTarget;
			buildConfigurationList = D52C187C1CA42B78004FEAB5 /* Build configuration list for PBXNativeTarget "XMLTesting" */;
			buildPhases = (
				D52C18711CA42B78004FEAB5 /* Sources */,
				D52C18721CA42B78004FEAB5 /* Frameworks */,
				D52C18731CA42B78004FEAB5 /* CopyFiles */,
			);
			buildRules = (
			);
			dependencies = (
			);
			name = XMLTesting;
			productName = XMLTesting;
			productReference = D52C18751CA42B78004FEAB5 /* XMLTesting */;
			productType = "com.apple.product-type.tool";
		};
/* End PBXNativeTarget section */

/* Begin PBXProject section */
		D52C186D1CA42B78004FEAB5 /* Project object */ = {
			isa = PBXProject;
			attributes = {
				LastUpgradeCheck = 0730;
				ORGANIZATIONNAME = "Lithia Helmreich";
				TargetAttributes = {
					D52C18741CA42B78004FEAB5 = {
						CreatedOnToolsVersion = 7.3;
					};
				};
			};
			buildConfigurationList = D52C18701CA42B78004FEAB5 /* Build configuration list for PBXProject "XMLTesting" */;
			compatibilityVersion = "Xcode 3.2";
			developmentRegion = English;
			hasScannedForEncodings = 0;
			knownRegions = (
				en,
			);
			mainGroup = D52C186C1CA42B78004FEAB5;
			productRefGroup = D52C18761CA42B78004FEAB5 /* Products */;
			projectDirPath = "";
			projectRoot = "";
			targets = (
				D52C18741CA42B78004FEAB5 /* XMLTesting */,
			);
		};
/* End PBXProject section */

/* Begin PBXSourcesBuildPhase section */
		D52C18711CA42B78004FEAB5 /* Sources */ = {
			isa = PBXSourcesBuildPhase;
			buildActionMask = 2147483647;
			files = (
				D52C18851CA42B84004FEAB5 /* pugixml.cpp in Sources */,
				D52C18791CA42B78004FEAB5 /* main.cpp in Sources */,
			);
			runOnlyForDeploymentPostprocessing = 0;
		};
/* End PBXSourcesBuildPhase section */

/* Begin XCBuildConfiguration section */
		D52C187A1CA42B78004FEAB5 /* Debug */ = {
			isa = XCBuildConfiguration;
			buildSettings = {
				ALWAYS_SEARCH_USER_PATHS = NO;
				CLANG_ANALYZER_NONNULL = YES;
				CLANG_CXX_LANGUAGE_STANDARD = "gnu++0x";
				CLANG_CXX_LIBRARY = "libc++";
				CLANG_ENABLE_MODULES = YES;
				CLANG_ENABLE_OBJC_ARC = YES;
				CLANG_WARN_BOOL_CONVERSION = YES;
				CLANG_WARN_CONSTANT_CONVERSION = YES;
				CLANG_WARN_DIRECT_OBJC_ISA_USAGE = YES_ERROR;
				CLANG_WARN_EMPTY_BODY = YES;
				CLANG_WARN_ENUM_CONVERSION = YES;
				CLANG_WARN_INT_CONVERSION = YES;
				CLANG_WARN_OBJC_ROOT_CLASS = YES_ERROR;
				CLANG_WARN_UNREACHABLE_CODE = YES;
				CLANG_WARN__DUPLICATE_METHOD_MATCH = YES;
				CODE_SIGN_IDENTITY = "-";
				COPY_PHASE_STRIP = NO;
				DEBUG_INFORMATION_FORMAT = dwarf;
				ENABLE_STRICT_OBJC_MSGSEND = YES;
				ENABLE_TESTABILITY = YES;
				GCC_C_LANGUAGE_STANDARD = gnu99;
				GCC_DYNAMIC_NO_PIC = NO;
				GCC_NO_COMMON_BLOCKS = YES;
				GCC_OPTIMIZATION_LEVEL = 0;
				GCC_PREPROCESSOR_DEFINITIONS = (
					"DEBUG=1",
					"$(inherited)",
				);
				GCC_WARN_64_TO_32_BIT_CONVERSION = YES;
				GCC_WARN_ABOUT_RETURN_TYPE = YES_ERROR;
				GCC_WARN_UNDECLARED_SELECTOR = YES;
				GCC_WARN_UNINITIALIZED_AUTOS = YES_AGGRESSIVE;
				GCC_WARN_UNUSED_FUNCTION = YES;
				GCC_WARN_UNUSED_VARIABLE = YES;
				MACOSX_DEPLOYMENT_TARGET = 10.11;
				MTL_ENABLE_DEBUG_INFO = YES;
				ONLY_ACTIVE_ARCH = YES;
				SDKROOT = macosx;
			};
			name = Debug;
		};
		D52C187B1CA42B78004FEAB5 /* Release */ = {
			isa = XCBuildConfiguration;
			buildSettings = {
				ALWAYS_SEARCH_USER_PATHS = NO;
				CLANG_ANALYZER_NONNULL = YES;
				CLANG_CXX_LANGUAGE_STANDARD = "gnu++0x";
				CLANG_CXX_LIBRARY = "libc++";
				CLANG_ENABLE_MODULES = YES;
				CLANG_ENABLE_OBJC_ARC = YES;
				CLANG_WARN_BOOL_CONVERSION = YES;
				CLANG_WARN_CONSTANT_CONVERSION = YES;
				CLANG_WARN_DIRECT_OBJC_ISA_USAGE = YES_ERROR;
				CLANG_WARN_EMPTY_BODY = YES;
				CLANG_WARN_ENUM_CONVERSION = YES;
				CLANG_WARN_INT_CONVERSION = YES;
				CLANG_WARN_OBJC_ROOT_CLASS = YES_ERROR;
				CLANG_WARN_UNREACHABLE_CODE = YES;
				CLANG_WARN__DUPLICATE_METHOD_MATCH = YES;
				CODE_SIGN_IDENTITY = "-";
				COPY_PHASE_STRIP = NO;
				DEBUG_INFORMATION_FORMAT = "dwarf-with-dsym";
				ENABLE_NS_ASSERTIONS = NO;
				ENABLE_STRICT_OBJC_MSGSEND = YES;
				GCC_C_LANGUAGE_STANDARD = gnu99;
				GCC_NO_COMMON_BLOCKS = YES;
				GCC_WARN_64_TO_32_BIT_CONVERSION = YES;
				GCC_WARN_ABOUT_RETURN_TYPE = YES_ERROR;
				GCC_WARN_UNDECLARED_SELECTOR = YES;
				GCC_WARN_UNINITIALIZED_AUTOS = YES_AGGRESSIVE;
				GCC_WARN_UNUSED_FUNCTION = YES;
				GCC_WARN_UNUSED_VARIABLE = YES;
				MACOSX_DEPLOYMENT_TARGET = 10.11;
				MTL_ENABLE_DEBUG_INFO = NO;
				SDKROOT = macosx;
			};
			name = Release;
		};
		D52C187D1CA42B78004FEAB5 /* Debug */ = {
			isa = XCBuildConfiguration;
			buildSettings = {
				PRODUCT_NAME = "$(TARGET_NAME)";
			};
			name = Debug;
		};
		D52C187E1CA42B78004FEAB5 /* Release */ = {
			isa = XCBuildConfiguration;
			buildSettings = {
				PRODUCT_NAME = "$(TARGET_NAME)";
			};
			name = Release;
		};
/* End XCBuildConfiguration section */

/* Begin XCConfigurationList section */
		D52C18701CA42B78004FEAB5 /* Build configuration list for PBXProject "XMLTesting" */ = {
			isa = XCConfigurationList;
			buildConfigurations = (
				D52C187A1CA42B78004FEAB5 /* Debug */,
				D52C187B1CA42B78004FEAB5 /* Release */,
			);
			defaultConfigurationIsVisible = 0;
			defaultConfigurationName = Release;
		};
		D52C187C1CA42B78004FEAB5 /* Build configuration list for PBXNativeTarget "XMLTesting" */ = {
			isa = XCConfigurationList;
			buildConfigurations = (
				D52C187D1CA42B78004FEAB5 /* Debug */,
				D52C187E1CA42B78004FEAB5 /* Release */,
			);
			defaultConfigurationIsVisible = 0;
			defaultConfigurationName = Release;
		};
/* End XCConfigurationList section */
	};
	rootObject = D52C186D1CA42B78004FEAB5 /* Project object */;
}
